# @generated by Move, please check-in and do not edit manually.

[move]
version = 3
manifest_digest = "C3766B71007880C054EDE4E615187A68EF74933F3B1D20FA8C57E1BB4C0E33C4"
deps_digest = "F8BBB0CCB2491CA29A3DF03D6F92277A4F3574266507ACD77214D37ECA3F3082"
dependencies = [
  { id = "Iota", name = "Iota" },
]

[[move.package]]
id = "Iota"
source = { git = "https://github.com/iotaledger/iota.git", rev = "framework/testnet", subdir = "crates/iota-framework/packages/iota-framework" }

dependencies = [
  { id = "MoveStdlib", name = "MoveStdlib" },
]

[[move.package]]
id = "MoveStdlib"
source = { git = "https://github.com/iotaledger/iota.git", rev = "framework/testnet", subdir = "crates/iota-framework/packages/move-stdlib" }

[move.toolchain-version]
compiler-version = "1.17.2"
edition = "2024"
flavor = "iota"

[env]

[env.testnet]
chain-id = "2304aa97"
original-published-id = "0xd35b2cda222b21fcc7b6c46b00a5a172023d3de1f20c94a5ac553e290cf5f032"
latest-published-id = "0xd35b2cda222b21fcc7b6c46b00a5a172023d3de1f20c94a5ac553e290cf5f032"
published-version = "1"
